# THIS IS AN AUTOGENERATED FILE. DO NOT EDIT THIS FILE DIRECTLY.
# yarn lockfile v1


js-crypto-aes@^1.0.4:
  version "1.0.4"
  resolved "https://registry.yarnpkg.com/js-crypto-aes/-/js-crypto-aes-1.0.4.tgz#db3fed7b2d7ceec4610eb246be515f12d9674594"
  integrity sha512-L2fh7Q55+8eS/ALbhgAZYZpTkuo+n12+3GpuUE+U6SGlObmwibG5rVtDTVSTNgV9VuzD2BaY4unTkRWTcfLYxg==
  dependencies:
    js-crypto-env "^1.0.4"

js-crypto-env@^1.0.4:
  version "1.0.4"
  resolved "https://registry.yarnpkg.com/js-crypto-env/-/js-crypto-env-1.0.4.tgz#2be3b0987124bfaf094aadd3c9d91a56aedb0f2a"
  integrity sha512-b7WdjaX4csatMPfZ/mQ94yb/XTKe3o6qt0jPBVbKmaiOH97e+FlmIANoFEMrhxQM1xxKfA2QYLjgqL/YtdMm9g==
